<?xml version="1.0" encoding="utf-8"?>
<Project ToolsVersion="4.0" xmlns="http://schemas.microsoft.com/developer/msbuild/2003">
  <ItemGroup>
    <Filter Include="Source Files">
      <UniqueIdentifier>{4FC737F1-C7A5-4376-A066-2A32D752A2FF}</UniqueIdentifier>
      <Extensions>cpp;c;cc;cxx;def;odl;idl;hpj;bat;asm;asmx</Extensions>
    </Filter>
    <Filter Include="Header Files">
      <UniqueIdentifier>{93995380-89BD-4b04-88EB-625FBE52EBFB}</UniqueIdentifier>
      <Extensions>h;hh;hpp;hxx;hm;inl;inc;ipp;xsd</Extensions>
    </Filter>
    <Filter Include="Source Files\Pokemon">
      <UniqueIdentifier>{fb492f0b-28c6-4f6e-a025-61edf9077d09}</UniqueIdentifier>
    </Filter>
    <Filter Include="Source Files\Logic">
      <UniqueIdentifier>{76738a10-0a86-43bb-b81b-219fe4b67168}</UniqueIdentifier>
    </Filter>
    <Filter Include="Header Files\Logic">
      <UniqueIdentifier>{c553cfa0-002a-43df-892a-2ba8901aaf85}</UniqueIdentifier>
    </Filter>
  </ItemGroup>
  <ItemGroup>
    <ClCompile Include="Squirtle.cpp">
      <Filter>Source Files\Pokemon</Filter>
    </ClCompile>
    <ClCompile Include="Pikachu.cpp">
      <Filter>Source Files\Pokemon</Filter>
    </ClCompile>
    <ClCompile Include="Bulbasaur.cpp">
      <Filter>Source Files\Pokemon</Filter>
    </ClCompile>
    <ClCompile Include="Charmander.cpp">
      <Filter>Source Files\Pokemon</Filter>
    </ClCompile>
    <ClCompile Include="Battle.cpp">
      <Filter>Source Files\Logic</Filter>
    </ClCompile>
    <ClCompile Include="Attack.cpp">
      <Filter>Source Files\Logic</Filter>
    </ClCompile>
    <ClCompile Include="Pokemon.cpp">
      <Filter>Source Files\Logic</Filter>
    </ClCompile>
    <ClCompile Include="PokemonGUI.cpp">
      <Filter>Source Files\Logic</Filter>
    </ClCompile>
    <ClCompile Include="main.cpp">
      <Filter>Source Files</Filter>
    </ClCompile>
  </ItemGroup>
  <ItemGroup>
    <ClInclude Include="Attack.h">
      <Filter>Header Files\Logic</Filter>
    </ClInclude>
    <ClInclude Include="Battle.h">
      <Filter>Header Files\Logic</Filter>
    </ClInclude>
    <ClInclude Include="Bulbasaur.h">
      <Filter>Header Files\Logic</Filter>
    </ClInclude>
    <ClInclude Include="Charmander.h">
      <Filter>Header Files\Logic</Filter>
    </ClInclude>
    <ClInclude Include="Pikachu.h">
      <Filter>Header Files\Logic</Filter>
    </ClInclude>
    <ClInclude Include="Pokemon.h">
      <Filter>Header Files\Logic</Filter>
    </ClInclude>
    <ClInclude Include="PokemonGUI.h">
      <Filter>Header Files\Logic</Filter>
    </ClInclude>
    <ClInclude Include="Squirtle.h">
      <Filter>Header Files\Logic</Filter>
    </ClInclude>
  </ItemGroup>
</Project>